
Microsoft Visual Studio Solution File, Format Version 12.00
# Visual Studio Express 2012 for Windows Phone
Project("{FAE04EC0-301F-11D3-BF4B-00C04F79EFBC}") = "FriendsEyeAssists", "FriendsEyeAssists\FriendsEyeAssists.csproj", "{F434E32D-8EB5-47C0-B3D2-438DB744E1AF}"
EndProject
Global
	GlobalSection(SolutionConfigurationPlatforms) = preSolution
		Debug|Any CPU = Debug|Any CPU
		Release|Any CPU = Release|Any CPU
	EndGlobalSection
	GlobalSection(ProjectConfigurationPlatforms) = postSolution
		{F434E32D-8EB5-47C0-B3D2-438DB744E1AF}.Debug|Any CPU.ActiveCfg = Debug|Any CPU
		{F434E32D-8EB5-47C0-B3D2-438DB744E1AF}.Debug|Any CPU.Build.0 = Debug|Any CPU
		{F434E32D-8EB5-47C0-B3D2-438DB744E1AF}.Debug|Any CPU.Deploy.0 = Debug|Any CPU
		{F434E32D-8EB5-47C0-B3D2-438DB744E1AF}.Release|Any CPU.ActiveCfg = Release|Any CPU
		{F434E32D-8EB5-47C0-B3D2-438DB744E1AF}.Release|Any CPU.Build.0 = Release|Any CPU
		{F434E32D-8EB5-47C0-B3D2-438DB744E1AF}.Release|Any CPU.Deploy.0 = Release|Any CPU
	EndGlobalSection
	GlobalSection(SolutionProperties) = preSolution
		HideSolutionNode = FALSE
	EndGlobalSection
EndGlobal
