
Microsoft Visual Studio Solution File, Format Version 12.00
# Visual Studio Express 2012 for Windows Phone
Project("{FAE04EC0-301F-11D3-BF4B-00C04F79EFBC}") = "FriendsEyeAssists", "FriendsEyeAssists\FriendsEyeAssists.csproj", "{F434E32D-8EB5-47C0-B3D2-438DB744E1AF}"
EndProject
Project("{262852C6-CD72-467D-83FE-5EEB1973A190}") = "FriendsEyeAssistsW8", "..\FriendsEyeAssistsW8\FriendsEyeAssistsW8.jsproj", "{8F15E064-5E10-4CF8-9D66-9DF68C1C5C44}"
EndProject
Project("{FAE04EC0-301F-11D3-BF4B-00C04F79EFBC}") = "FriendsEyeHelper", "..\FriendsEyeHelper\FriendsEyeHelper.csproj", "{C957FC45-2F36-46CA-99BB-E30271D05AE2}"
EndProject
Project("{FAE04EC0-301F-11D3-BF4B-00C04F79EFBC}") = "FriendsEyePhoneLibrary", "..\FriendsEyePhoneLibrary\FriendsEyePhoneLibrary.csproj", "{B7F474B9-99B1-4C69-A4BA-73A5AA012251}"
EndProject
Global
	GlobalSection(SolutionConfigurationPlatforms) = preSolution
		Debug|Any CPU = Debug|Any CPU
		Debug|ARM = Debug|ARM
		Debug|x64 = Debug|x64
		Debug|x86 = Debug|x86
		Release|Any CPU = Release|Any CPU
		Release|ARM = Release|ARM
		Release|x64 = Release|x64
		Release|x86 = Release|x86
	EndGlobalSection
	GlobalSection(ProjectConfigurationPlatforms) = postSolution
		{F434E32D-8EB5-47C0-B3D2-438DB744E1AF}.Debug|Any CPU.ActiveCfg = Debug|Any CPU
		{F434E32D-8EB5-47C0-B3D2-438DB744E1AF}.Debug|Any CPU.Build.0 = Debug|Any CPU
		{F434E32D-8EB5-47C0-B3D2-438DB744E1AF}.Debug|Any CPU.Deploy.0 = Debug|Any CPU
		{F434E32D-8EB5-47C0-B3D2-438DB744E1AF}.Debug|ARM.ActiveCfg = Debug|Any CPU
		{F434E32D-8EB5-47C0-B3D2-438DB744E1AF}.Debug|x64.ActiveCfg = Debug|Any CPU
		{F434E32D-8EB5-47C0-B3D2-438DB744E1AF}.Debug|x86.ActiveCfg = Debug|Any CPU
		{F434E32D-8EB5-47C0-B3D2-438DB744E1AF}.Release|Any CPU.ActiveCfg = Release|Any CPU
		{F434E32D-8EB5-47C0-B3D2-438DB744E1AF}.Release|Any CPU.Build.0 = Release|Any CPU
		{F434E32D-8EB5-47C0-B3D2-438DB744E1AF}.Release|Any CPU.Deploy.0 = Release|Any CPU
		{F434E32D-8EB5-47C0-B3D2-438DB744E1AF}.Release|ARM.ActiveCfg = Release|Any CPU
		{F434E32D-8EB5-47C0-B3D2-438DB744E1AF}.Release|x64.ActiveCfg = Release|Any CPU
		{F434E32D-8EB5-47C0-B3D2-438DB744E1AF}.Release|x86.ActiveCfg = Release|Any CPU
		{8F15E064-5E10-4CF8-9D66-9DF68C1C5C44}.Debug|Any CPU.ActiveCfg = Debug|Any CPU
		{8F15E064-5E10-4CF8-9D66-9DF68C1C5C44}.Debug|Any CPU.Build.0 = Debug|Any CPU
		{8F15E064-5E10-4CF8-9D66-9DF68C1C5C44}.Debug|Any CPU.Deploy.0 = Debug|Any CPU
		{8F15E064-5E10-4CF8-9D66-9DF68C1C5C44}.Debug|ARM.ActiveCfg = Debug|ARM
		{8F15E064-5E10-4CF8-9D66-9DF68C1C5C44}.Debug|ARM.Build.0 = Debug|ARM
		{8F15E064-5E10-4CF8-9D66-9DF68C1C5C44}.Debug|ARM.Deploy.0 = Debug|ARM
		{8F15E064-5E10-4CF8-9D66-9DF68C1C5C44}.Debug|x64.ActiveCfg = Debug|x64
		{8F15E064-5E10-4CF8-9D66-9DF68C1C5C44}.Debug|x64.Build.0 = Debug|x64
		{8F15E064-5E10-4CF8-9D66-9DF68C1C5C44}.Debug|x64.Deploy.0 = Debug|x64
		{8F15E064-5E10-4CF8-9D66-9DF68C1C5C44}.Debug|x86.ActiveCfg = Debug|x86
		{8F15E064-5E10-4CF8-9D66-9DF68C1C5C44}.Debug|x86.Build.0 = Debug|x86
		{8F15E064-5E10-4CF8-9D66-9DF68C1C5C44}.Debug|x86.Deploy.0 = Debug|x86
		{8F15E064-5E10-4CF8-9D66-9DF68C1C5C44}.Release|Any CPU.ActiveCfg = Release|Any CPU
		{8F15E064-5E10-4CF8-9D66-9DF68C1C5C44}.Release|Any CPU.Build.0 = Release|Any CPU
		{8F15E064-5E10-4CF8-9D66-9DF68C1C5C44}.Release|Any CPU.Deploy.0 = Release|Any CPU
		{8F15E064-5E10-4CF8-9D66-9DF68C1C5C44}.Release|ARM.ActiveCfg = Release|ARM
		{8F15E064-5E10-4CF8-9D66-9DF68C1C5C44}.Release|ARM.Build.0 = Release|ARM
		{8F15E064-5E10-4CF8-9D66-9DF68C1C5C44}.Release|ARM.Deploy.0 = Release|ARM
		{8F15E064-5E10-4CF8-9D66-9DF68C1C5C44}.Release|x64.ActiveCfg = Release|x64
		{8F15E064-5E10-4CF8-9D66-9DF68C1C5C44}.Release|x64.Build.0 = Release|x64
		{8F15E064-5E10-4CF8-9D66-9DF68C1C5C44}.Release|x64.Deploy.0 = Release|x64
		{8F15E064-5E10-4CF8-9D66-9DF68C1C5C44}.Release|x86.ActiveCfg = Release|x86
		{8F15E064-5E10-4CF8-9D66-9DF68C1C5C44}.Release|x86.Build.0 = Release|x86
		{8F15E064-5E10-4CF8-9D66-9DF68C1C5C44}.Release|x86.Deploy.0 = Release|x86
		{C957FC45-2F36-46CA-99BB-E30271D05AE2}.Debug|Any CPU.ActiveCfg = Debug|Any CPU
		{C957FC45-2F36-46CA-99BB-E30271D05AE2}.Debug|Any CPU.Build.0 = Debug|Any CPU
		{C957FC45-2F36-46CA-99BB-E30271D05AE2}.Debug|Any CPU.Deploy.0 = Debug|Any CPU
		{C957FC45-2F36-46CA-99BB-E30271D05AE2}.Debug|ARM.ActiveCfg = Debug|Any CPU
		{C957FC45-2F36-46CA-99BB-E30271D05AE2}.Debug|x64.ActiveCfg = Debug|Any CPU
		{C957FC45-2F36-46CA-99BB-E30271D05AE2}.Debug|x86.ActiveCfg = Debug|Any CPU
		{C957FC45-2F36-46CA-99BB-E30271D05AE2}.Release|Any CPU.ActiveCfg = Release|Any CPU
		{C957FC45-2F36-46CA-99BB-E30271D05AE2}.Release|Any CPU.Build.0 = Release|Any CPU
		{C957FC45-2F36-46CA-99BB-E30271D05AE2}.Release|Any CPU.Deploy.0 = Release|Any CPU
		{C957FC45-2F36-46CA-99BB-E30271D05AE2}.Release|ARM.ActiveCfg = Release|Any CPU
		{C957FC45-2F36-46CA-99BB-E30271D05AE2}.Release|x64.ActiveCfg = Release|Any CPU
		{C957FC45-2F36-46CA-99BB-E30271D05AE2}.Release|x86.ActiveCfg = Release|Any CPU
		{B7F474B9-99B1-4C69-A4BA-73A5AA012251}.Debug|Any CPU.ActiveCfg = Debug|Any CPU
		{B7F474B9-99B1-4C69-A4BA-73A5AA012251}.Debug|Any CPU.Build.0 = Debug|Any CPU
		{B7F474B9-99B1-4C69-A4BA-73A5AA012251}.Debug|ARM.ActiveCfg = Debug|ARM
		{B7F474B9-99B1-4C69-A4BA-73A5AA012251}.Debug|ARM.Build.0 = Debug|ARM
		{B7F474B9-99B1-4C69-A4BA-73A5AA012251}.Debug|x64.ActiveCfg = Debug|Any CPU
		{B7F474B9-99B1-4C69-A4BA-73A5AA012251}.Debug|x86.ActiveCfg = Debug|x86
		{B7F474B9-99B1-4C69-A4BA-73A5AA012251}.Debug|x86.Build.0 = Debug|x86
		{B7F474B9-99B1-4C69-A4BA-73A5AA012251}.Release|Any CPU.ActiveCfg = Release|Any CPU
		{B7F474B9-99B1-4C69-A4BA-73A5AA012251}.Release|Any CPU.Build.0 = Release|Any CPU
		{B7F474B9-99B1-4C69-A4BA-73A5AA012251}.Release|ARM.ActiveCfg = Release|ARM
		{B7F474B9-99B1-4C69-A4BA-73A5AA012251}.Release|ARM.Build.0 = Release|ARM
		{B7F474B9-99B1-4C69-A4BA-73A5AA012251}.Release|x64.ActiveCfg = Release|Any CPU
		{B7F474B9-99B1-4C69-A4BA-73A5AA012251}.Release|x86.ActiveCfg = Release|x86
		{B7F474B9-99B1-4C69-A4BA-73A5AA012251}.Release|x86.Build.0 = Release|x86
	EndGlobalSection
	GlobalSection(SolutionProperties) = preSolution
		HideSolutionNode = FALSE
	EndGlobalSection
EndGlobal
